
Microsoft Visual Studio Solution File, Format Version 12.00
# Visual Studio Version 17
VisualStudioVersion = 17.5.002.0
MinimumVisualStudioVersion = 10.0.40219.1
Project("{9A19103F-16F7-4668-BE54-9A1E7A4F7556}") = "TurnOFF", "TurnOFF.csproj", "{EA3FE383-FD02-4757-ADB7-DB7CE39574C0}"
EndProject
Global
	GlobalSection(SolutionConfigurationPlatforms) = preSolution
		Debug|Any CPU = Debug|Any CPU
		Release|Any CPU = Release|Any CPU
	EndGlobalSection
	GlobalSection(ProjectConfigurationPlatforms) = postSolution
		{EA3FE383-FD02-4757-ADB7-DB7CE39574C0}.Debug|Any CPU.ActiveCfg = Debug|Any CPU
		{EA3FE383-FD02-4757-ADB7-DB7CE39574C0}.Debug|Any CPU.Build.0 = Debug|Any CPU
		{EA3FE383-FD02-4757-ADB7-DB7CE39574C0}.Release|Any CPU.ActiveCfg = Release|Any CPU
		{EA3FE383-FD02-4757-ADB7-DB7CE39574C0}.Release|Any CPU.Build.0 = Release|Any CPU
	EndGlobalSection
	GlobalSection(SolutionProperties) = preSolution
		HideSolutionNode = FALSE
	EndGlobalSection
	GlobalSection(ExtensibilityGlobals) = postSolution
		SolutionGuid = {271D038E-D8DA-4EFD-A2EF-6A4FDF6DEBC5}
	EndGlobalSection
EndGlobal
